{
  "name": "fullstackopen",
  "lockfileVersion": 3,
  "requires": true,
  "packages": {
    "": {
      "devDependencies": {
        "eslint-plugin-vitest-globals": "^1.5.0"
      }
    },
    "node_modules/eslint-plugin-vitest-globals": {
      "version": "1.5.0",
      "resolved": "https://registry.npmjs.org/eslint-plugin-vitest-globals/-/eslint-plugin-vitest-globals-1.5.0.tgz",
      "integrity": "sha512-ZSsVOaOIig0oVLzRTyk8lUfBfqzWxr/J3/NFMfGGRIkGQPejJYmDH3gXmSJxAojts77uzAGB/UmVrwi2DC4LYA==",
      "dev": true,
      "license": "MIT"
    }
  }
}
